
Microsoft Visual Studio Solution File, Format Version 12.00
# Visual Studio Version 17
VisualStudioVersion = 17.14.36310.24
MinimumVisualStudioVersion = 10.0.40219.1
Project("{FAE04EC0-301F-11D3-BF4B-00C04F79EFBC}") = "FusionEnergyProject", "mike6010 dlc\FusionEnergyProject.csproj", "{B9681795-1AFD-40A8-BF9F-5AFEEC6BF3B3}"
EndProject
Global
	GlobalSection(SolutionConfigurationPlatforms) = preSolution
		Debug|Any CPU = Debug|Any CPU
		Release|Any CPU = Release|Any CPU
	EndGlobalSection
	GlobalSection(ProjectConfigurationPlatforms) = postSolution
		{B9681795-1AFD-40A8-BF9F-5AFEEC6BF3B3}.Debug|Any CPU.ActiveCfg = Debug|Any CPU
		{B9681795-1AFD-40A8-BF9F-5AFEEC6BF3B3}.Debug|Any CPU.Build.0 = Debug|Any CPU
		{B9681795-1AFD-40A8-BF9F-5AFEEC6BF3B3}.Release|Any CPU.ActiveCfg = Release|Any CPU
		{B9681795-1AFD-40A8-BF9F-5AFEEC6BF3B3}.Release|Any CPU.Build.0 = Release|Any CPU
	EndGlobalSection
	GlobalSection(SolutionProperties) = preSolution
		HideSolutionNode = FALSE
	EndGlobalSection
	GlobalSection(ExtensibilityGlobals) = postSolution
		SolutionGuid = {B99B52F4-9927-405A-A186-F6AC75E783F3}
	EndGlobalSection
EndGlobal
